// !$*UTF8*$!
{
	archiveVersion = 1;
	classes = {
	};
	objectVersion = 48;
	objects = {

/* Begin PBXBuildFile section */
		323D53361F7B80F0006C9CCD /* AppDelegate.m in Sources */ = {isa = PBXBuildFile; fileRef = 323D53351F7B80F0006C9CCD /* AppDelegate.m */; };
		323D53391F7B80F0006C9CCD /* ViewController.m in Sources */ = {isa = PBXBuildFile; fileRef = 323D53381F7B80F0006C9CCD /* ViewController.m */; };
		323D533C1F7B80F0006C9CCD /* Main.storyboard in Resources */ = {isa = PBXBuildFile; fileRef = 323D533A1F7B80F0006C9CCD /* Main.storyboard */; };
		323D533E1F7B80F0006C9CCD /* Assets.xcassets in Resources */ = {isa = PBXBuildFile; fileRef = 323D533D1F7B80F0006C9CCD /* Assets.xcassets */; };
		323D53411F7B80F0006C9CCD /* LaunchScreen.storyboard in Resources */ = {isa = PBXBuildFile; fileRef = 323D533F1F7B80F0006C9CCD /* LaunchScreen.storyboard */; };
		323D53441F7B80F0006C9CCD /* main.m in Sources */ = {isa = PBXBuildFile; fileRef = 323D53431F7B80F0006C9CCD /* main.m */; };
/* End PBXBuildFile section */

/* Begin PBXFileReference section */
		323D53311F7B80F0006C9CCD /* h5correspondence.app */ = {isa = PBXFileReference; explicitFileType = wrapper.application; includeInIndex = 0; path = h5correspondence.app; sourceTree = BUILT_PRODUCTS_DIR; };
		323D53341F7B80F0006C9CCD /* AppDelegate.h */ = {isa = PBXFileReference; lastKnownFileType = sourcecode.c.h; path = AppDelegate.h; sourceTree = "<group>"; };
		323D53351F7B80F0006C9CCD /* AppDelegate.m */ = {isa = PBXFileReference; lastKnownFileType = sourcecode.c.objc; path = AppDelegate.m; sourceTree = "<group>"; };
		323D53371F7B80F0006C9CCD /* ViewController.h */ = {isa = PBXFileReference; lastKnownFileType = sourcecode.c.h; path = ViewController.h; sourceTree = "<group>"; };
		323D53381F7B80F0006C9CCD /* ViewController.m */ = {isa = PBXFileReference; lastKnownFileType = sourcecode.c.objc; path = ViewController.m; sourceTree = "<group>"; };
		323D533B1F7B80F0006C9CCD /* Base */ = {isa = PBXFileReference; lastKnownFileType = file.storyboard; name = Base; path = Base.lproj/Main.storyboard; sourceTree = "<group>"; };
		323D533D1F7B80F0006C9CCD /* Assets.xcassets */ = {isa = PBXFileReference; lastKnownFileType = folder.assetcatalog; path = Assets.xcassets; sourceTree = "<group>"; };
		323D53401F7B80F0006C9CCD /* Base */ = {isa = PBXFileReference; lastKnownFileType = file.storyboard; name = Base; path = Base.lproj/LaunchScreen.storyboard; sourceTree = "<group>"; };
		323D53421F7B80F0006C9CCD /* Info.plist */ = {isa = PBXFileReference; lastKnownFileType = text.plist.xml; path = Info.plist; sourceTree = "<group>"; };
		323D53431F7B80F0006C9CCD /* main.m */ = {isa = PBXFileReference; lastKnownFileType = sourcecode.c.objc; path = main.m; sourceTree = "<group>"; };
/* End PBXFileReference section */

/* Begin PBXFrameworksBuildPhase section */
		323D532E1F7B80F0006C9CCD /* Frameworks */ = {
			isa = PBXFrameworksBuildPhase;
			buildActionMask = 2147483647;
			files = (
			);
			runOnlyForDeploymentPostprocessing = 0;
		};
/* End PBXFrameworksBuildPhase section */

/* Begin PBXGroup section */
		323D53281F7B80F0006C9CCD = {
			isa = PBXGroup;
			children = (
				323D53331F7B80F0006C9CCD /* h5correspondence */,
				323D53321F7B80F0006C9CCD /* Products */,
			);
			sourceTree = "<group>";
		};
		323D53321F7B80F0006C9CCD /* Products */ = {
			isa = PBXGroup;
			children = (
				323D53311F7B80F0006C9CCD /* h5correspondence.app */,
			);
			name = Products;
			sourceTree = "<group>";
		};
		323D53331F7B80F0006C9CCD /* h5correspondence */ = {
			isa = PBXGroup;
			children = (
				323D53341F7B80F0006C9CCD /* AppDelegate.h */,
				323D53351F7B80F0006C9CCD /* AppDelegate.m */,
				323D53371F7B80F0006C9CCD /* ViewController.h */,
				323D53381F7B80F0006C9CCD /* ViewController.m */,
				323D533A1F7B80F0006C9CCD /* Main.storyboard */,
				323D533D1F7B80F0006C9CCD /* Assets.xcassets */,
				323D533F1F7B80F0006C9CCD /* LaunchScreen.storyboard */,
				323D53421F7B80F0006C9CCD /* Info.plist */,
				323D53431F7B80F0006C9CCD /* main.m */,
			);
			path = h5correspondence;
			sourceTree = "<group>";
		};
/* End PBXGroup section */

/* Begin PBXNativeTarget section */
		323D53301F7B80F0006C9CCD /* h5correspondence */ = {
			isa = PBXNativeTarget;
			buildConfigurationList = 323D53471F7B80F0006C9CCD /* Build configuration list for PBXNativeTarget "h5correspondence" */;
			buildPhases = (
				323D532D1F7B80F0006C9CCD /* Sources */,
				323D532E1F7B80F0006C9CCD /* Frameworks */,
				323D532F1F7B80F0006C9CCD /* Resources */,
			);
			buildRules = (
			);
			dependencies = (
			);
			name = h5correspondence;
			productName = h5correspondence;
			productReference = 323D53311F7B80F0006C9CCD /* h5correspondence.app */;
			productType = "com.apple.product-type.application";
		};
/* End PBXNativeTarget section */

/* Begin PBXProject section */
		323D53291F7B80F0006C9CCD /* Project object */ = {
			isa = PBXProject;
			attributes = {
				LastUpgradeCheck = 0900;
				ORGANIZATIONNAME = jiangguishun1;
				TargetAttributes = {
					323D53301F7B80F0006C9CCD = {
						CreatedOnToolsVersion = 9.0;
						ProvisioningStyle = Automatic;
					};
				};
			};
			buildConfigurationList = 323D532C1F7B80F0006C9CCD /* Build configuration list for PBXProject "h5correspondence" */;
			compatibilityVersion = "Xcode 8.0";
			developmentRegion = en;
			hasScannedForEncodings = 0;
			knownRegions = (
				en,
				Base,
			);
			mainGroup = 323D53281F7B80F0006C9CCD;
			productRefGroup = 323D53321F7B80F0006C9CCD /* Products */;
			projectDirPath = "";
			projectRoot = "";
			targets = (
				323D53301F7B80F0006C9CCD /* h5correspondence */,
			);
		};
/* End PBXProject section */

/* Begin PBXResourcesBuildPhase section */
		323D532F1F7B80F0006C9CCD /* Resources */ = {
			isa = PBXResourcesBuildPhase;
			buildActionMask = 2147483647;
			files = (
				323D53411F7B80F0006C9CCD /* LaunchScreen.storyboard in Resources */,
				323D533E1F7B80F0006C9CCD /* Assets.xcassets in Resources */,
				323D533C1F7B80F0006C9CCD /* Main.storyboard in Resources */,
			);
			runOnlyForDeploymentPostprocessing = 0;
		};
/* End PBXResourcesBuildPhase section */

/* Begin PBXSourcesBuildPhase section */
		323D532D1F7B80F0006C9CCD /* Sources */ = {
			isa = PBXSourcesBuildPhase;
			buildActionMask = 2147483647;
			files = (
				323D53391F7B80F0006C9CCD /* ViewController.m in Sources */,
				323D53441F7B80F0006C9CCD /* main.m in Sources */,
				323D53361F7B80F0006C9CCD /* AppDelegate.m in Sources */,
			);
			runOnlyForDeploymentPostprocessing = 0;
		};
/* End PBXSourcesBuildPhase section */

/* Begin PBXVariantGroup section */
		323D533A1F7B80F0006C9CCD /* Main.storyboard */ = {
			isa = PBXVariantGroup;
			children = (
				323D533B1F7B80F0006C9CCD /* Base */,
			);
			name = Main.storyboard;
			sourceTree = "<group>";
		};
		323D533F1F7B80F0006C9CCD /* LaunchScreen.storyboard */ = {
			isa = PBXVariantGroup;
			children = (
				323D53401F7B80F0006C9CCD /* Base */,
			);
			name = LaunchScreen.storyboard;
			sourceTree = "<group>";
		};
/* End PBXVariantGroup section */

/* Begin XCBuildConfiguration section */
		323D53451F7B80F0006C9CCD /* Debug */ = {
			isa = XCBuildConfiguration;
			buildSettings = {
				ALWAYS_SEARCH_USER_PATHS = NO;
				CLANG_ANALYZER_NONNULL = YES;
				CLANG_ANALYZER_NUMBER_OBJECT_CONVERSION = YES_AGGRESSIVE;
				CLANG_CXX_LANGUAGE_STANDARD = "gnu++14";
				CLANG_CXX_LIBRARY = "libc++";
				CLANG_ENABLE_MODULES = YES;
				CLANG_ENABLE_OBJC_ARC = YES;
				CLANG_WARN_BLOCK_CAPTURE_AUTORELEASING = YES;
				CLANG_WARN_BOOL_CONVERSION = YES;
				CLANG_WARN_COMMA = YES;
				CLANG_WARN_CONSTANT_CONVERSION = YES;
				CLANG_WARN_DIRECT_OBJC_ISA_USAGE = YES_ERROR;
				CLANG_WARN_DOCUMENTATION_COMMENTS = YES;
				CLANG_WARN_EMPTY_BODY = YES;
				CLANG_WARN_ENUM_CONVERSION = YES;
				CLANG_WARN_INFINITE_RECURSION = YES;
				CLANG_WARN_INT_CONVERSION = YES;
				CLANG_WARN_NON_LITERAL_NULL_CONVERSION = YES;
				CLANG_WARN_OBJC_LITERAL_CONVERSION = YES;
				CLANG_WARN_OBJC_ROOT_CLASS = YES_ERROR;
				CLANG_WARN_RANGE_LOOP_ANALYSIS = YES;
				CLANG_WARN_STRICT_PROTOTYPES = YES;
				CLANG_WARN_SUSPICIOUS_MOVE = YES;
				CLANG_WARN_UNGUARDED_AVAILABILITY = YES_AGGRESSIVE;
				CLANG_WARN_UNREACHABLE_CODE = YES;
				CLANG_WARN__DUPLICATE_METHOD_MATCH = YES;
				CODE_SIGN_IDENTITY = "iPhone Developer";
				COPY_PHASE_STRIP = NO;
				DEBUG_INFORMATION_FORMAT = dwarf;
				ENABLE_STRICT_OBJC_MSGSEND = YES;
				ENABLE_TESTABILITY = YES;
				GCC_C_LANGUAGE_STANDARD = gnu11;
				GCC_DYNAMIC_NO_PIC = NO;
				GCC_NO_COMMON_BLOCKS = YES;
				GCC_OPTIMIZATION_LEVEL = 0;
				GCC_PREPROCESSOR_DEFINITIONS = (
					"DEBUG=1",
					"$(inherited)",
				);
				GCC_WARN_64_TO_32_BIT_CONVERSION = YES;
				GCC_WARN_ABOUT_RETURN_TYPE = YES_ERROR;
				GCC_WARN_UNDECLARED_SELECTOR = YES;
				GCC_WARN_UNINITIALIZED_AUTOS = YES_AGGRESSIVE;
				GCC_WARN_UNUSED_FUNCTION = YES;
				GCC_WARN_UNUSED_VARIABLE = YES;
				IPHONEOS_DEPLOYMENT_TARGET = 11.0;
				MTL_ENABLE_DEBUG_INFO = YES;
				ONLY_ACTIVE_ARCH = YES;
				SDKROOT = iphoneos;
			};
			name = Debug;
		};
		323D53461F7B80F0006C9CCD /* Release */ = {
			isa = XCBuildConfiguration;
			buildSettings = {
				ALWAYS_SEARCH_USER_PATHS = NO;
				CLANG_ANALYZER_NONNULL = YES;
				CLANG_ANALYZER_NUMBER_OBJECT_CONVERSION = YES_AGGRESSIVE;
				CLANG_CXX_LANGUAGE_STANDARD = "gnu++14";
				CLANG_CXX_LIBRARY = "libc++";
				CLANG_ENABLE_MODULES = YES;
				CLANG_ENABLE_OBJC_ARC = YES;
				CLANG_WARN_BLOCK_CAPTURE_AUTORELEASING = YES;
				CLANG_WARN_BOOL_CONVERSION = YES;
				CLANG_WARN_COMMA = YES;
				CLANG_WARN_CONSTANT_CONVERSION = YES;
				CLANG_WARN_DIRECT_OBJC_ISA_USAGE = YES_ERROR;
				CLANG_WARN_DOCUMENTATION_COMMENTS = YES;
				CLANG_WARN_EMPTY_BODY = YES;
				CLANG_WARN_ENUM_CONVERSION = YES;
				CLANG_WARN_INFINITE_RECURSION = YES;
				CLANG_WARN_INT_CONVERSION = YES;
				CLANG_WARN_NON_LITERAL_NULL_CONVERSION = YES;
				CLANG_WARN_OBJC_LITERAL_CONVERSION = YES;
				CLANG_WARN_OBJC_ROOT_CLASS = YES_ERROR;
				CLANG_WARN_RANGE_LOOP_ANALYSIS = YES;
				CLANG_WARN_STRICT_PROTOTYPES = YES;
				CLANG_WARN_SUSPICIOUS_MOVE = YES;
				CLANG_WARN_UNGUARDED_AVAILABILITY = YES_AGGRESSIVE;
				CLANG_WARN_UNREACHABLE_CODE = YES;
				CLANG_WARN__DUPLICATE_METHOD_MATCH = YES;
				CODE_SIGN_IDENTITY = "iPhone Developer";
				COPY_PHASE_STRIP = NO;
				DEBUG_INFORMATION_FORMAT = "dwarf-with-dsym";
				ENABLE_NS_ASSERTIONS = NO;
				ENABLE_STRICT_OBJC_MSGSEND = YES;
				GCC_C_LANGUAGE_STANDARD = gnu11;
				GCC_NO_COMMON_BLOCKS = YES;
				GCC_WARN_64_TO_32_BIT_CONVERSION = YES;
				GCC_WARN_ABOUT_RETURN_TYPE = YES_ERROR;
				GCC_WARN_UNDECLARED_SELECTOR = YES;
				GCC_WARN_UNINITIALIZED_AUTOS = YES_AGGRESSIVE;
				GCC_WARN_UNUSED_FUNCTION = YES;
				GCC_WARN_UNUSED_VARIABLE = YES;
				IPHONEOS_DEPLOYMENT_TARGET = 11.0;
				MTL_ENABLE_DEBUG_INFO = NO;
				SDKROOT = iphoneos;
				VALIDATE_PRODUCT = YES;
			};
			name = Release;
		};
		323D53481F7B80F0006C9CCD /* Debug */ = {
			isa = XCBuildConfiguration;
			buildSettings = {
				ASSETCATALOG_COMPILER_APPICON_NAME = AppIcon;
				CODE_SIGN_STYLE = Automatic;
				DEVELOPMENT_TEAM = 56Y2MQ8539;
				INFOPLIST_FILE = h5correspondence/Info.plist;
				LD_RUNPATH_SEARCH_PATHS = "$(inherited) @executable_path/Frameworks";
				PRODUCT_BUNDLE_IDENTIFIER = com.crodigybsesd.ffdsdfd.h5correspondence;
				PRODUCT_NAME = "$(TARGET_NAME)";
				TARGETED_DEVICE_FAMILY = "1,2";
			};
			name = Debug;
		};
		323D53491F7B80F0006C9CCD /* Release */ = {
			isa = XCBuildConfiguration;
			buildSettings = {
				ASSETCATALOG_COMPILER_APPICON_NAME = AppIcon;
				CODE_SIGN_STYLE = Automatic;
				DEVELOPMENT_TEAM = 56Y2MQ8539;
				INFOPLIST_FILE = h5correspondence/Info.plist;
				LD_RUNPATH_SEARCH_PATHS = "$(inherited) @executable_path/Frameworks";
				PRODUCT_BUNDLE_IDENTIFIER = com.crodigybsesd.ffdsdfd.h5correspondence;
				PRODUCT_NAME = "$(TARGET_NAME)";
				TARGETED_DEVICE_FAMILY = "1,2";
			};
			name = Release;
		};
/* End XCBuildConfiguration section */

/* Begin XCConfigurationList section */
		323D532C1F7B80F0006C9CCD /* Build configuration list for PBXProject "h5correspondence" */ = {
			isa = XCConfigurationList;
			buildConfigurations = (
				323D53451F7B80F0006C9CCD /* Debug */,
				323D53461F7B80F0006C9CCD /* Release */,
			);
			defaultConfigurationIsVisible = 0;
			defaultConfigurationName = Release;
		};
		323D53471F7B80F0006C9CCD /* Build configuration list for PBXNativeTarget "h5correspondence" */ = {
			isa = XCConfigurationList;
			buildConfigurations = (
				323D53481F7B80F0006C9CCD /* Debug */,
				323D53491F7B80F0006C9CCD /* Release */,
			);
			defaultConfigurationIsVisible = 0;
			defaultConfigurationName = Release;
		};
/* End XCConfigurationList section */
	};
	rootObject = 323D53291F7B80F0006C9CCD /* Project object */;
}
